// !$*UTF8*$!
{
	archiveVersion = 1;
	classes = {
	};
	objectVersion = 55;
	objects = {

/* Begin PBXBuildFile section */
		5945F481272041B800625EC2 /* CoolCell.swift in Sources */ = {isa = PBXBuildFile; fileRef = 5945F480272041B800625EC2 /* CoolCell.swift */; };
		59AE10EA271DA644006C530B /* AppDelegate.swift in Sources */ = {isa = PBXBuildFile; fileRef = 59AE10E9271DA644006C530B /* AppDelegate.swift */; };
		59AE10EC271DA644006C530B /* SceneDelegate.swift in Sources */ = {isa = PBXBuildFile; fileRef = 59AE10EB271DA644006C530B /* SceneDelegate.swift */; };
		59AE10EE271DA644006C530B /* ViewController.swift in Sources */ = {isa = PBXBuildFile; fileRef = 59AE10ED271DA644006C530B /* ViewController.swift */; };
		59AE10F1271DA644006C530B /* Main.storyboard in Resources */ = {isa = PBXBuildFile; fileRef = 59AE10EF271DA644006C530B /* Main.storyboard */; };
		59AE10F4271DA644006C530B /* MovieList.xcdatamodeld in Sources */ = {isa = PBXBuildFile; fileRef = 59AE10F2271DA644006C530B /* MovieList.xcdatamodeld */; };
		59AE10F6271DA648006C530B /* Assets.xcassets in Resources */ = {isa = PBXBuildFile; fileRef = 59AE10F5271DA648006C530B /* Assets.xcassets */; };
		59AE10F9271DA648006C530B /* LaunchScreen.storyboard in Resources */ = {isa = PBXBuildFile; fileRef = 59AE10F7271DA648006C530B /* LaunchScreen.storyboard */; };
		59AE1104271DA649006C530B /* MovieListTests.swift in Sources */ = {isa = PBXBuildFile; fileRef = 59AE1103271DA649006C530B /* MovieListTests.swift */; };
		59AE110E271DA649006C530B /* MovieListUITests.swift in Sources */ = {isa = PBXBuildFile; fileRef = 59AE110D271DA649006C530B /* MovieListUITests.swift */; };
		59AE1110271DA649006C530B /* MovieListUITestsLaunchTests.swift in Sources */ = {isa = PBXBuildFile; fileRef = 59AE110F271DA649006C530B /* MovieListUITestsLaunchTests.swift */; };
		59AE111D271DAFB9006C530B /* InfoController.swift in Sources */ = {isa = PBXBuildFile; fileRef = 59AE111C271DAFB9006C530B /* InfoController.swift */; };
		59AE111F271DB0EF006C530B /* InfoClass.swift in Sources */ = {isa = PBXBuildFile; fileRef = 59AE111E271DB0EF006C530B /* InfoClass.swift */; };
/* End PBXBuildFile section */

/* Begin PBXContainerItemProxy section */
		59AE1100271DA649006C530B /* PBXContainerItemProxy */ = {
			isa = PBXContainerItemProxy;
			containerPortal = 59AE10DE271DA644006C530B /* Project object */;
			proxyType = 1;
			remoteGlobalIDString = 59AE10E5271DA644006C530B;
			remoteInfo = MovieList;
		};
		59AE110A271DA649006C530B /* PBXContainerItemProxy */ = {
			isa = PBXContainerItemProxy;
			containerPortal = 59AE10DE271DA644006C530B /* Project object */;
			proxyType = 1;
			remoteGlobalIDString = 59AE10E5271DA644006C530B;
			remoteInfo = MovieList;
		};
/* End PBXContainerItemProxy section */

/* Begin PBXFileReference section */
		5945F480272041B800625EC2 /* CoolCell.swift */ = {isa = PBXFileReference; lastKnownFileType = sourcecode.swift; path = CoolCell.swift; sourceTree = "<group>"; };
		59AE10E6271DA644006C530B /* MovieList.app */ = {isa = PBXFileReference; explicitFileType = wrapper.application; includeInIndex = 0; path = MovieList.app; sourceTree = BUILT_PRODUCTS_DIR; };
		59AE10E9271DA644006C530B /* AppDelegate.swift */ = {isa = PBXFileReference; lastKnownFileType = sourcecode.swift; path = AppDelegate.swift; sourceTree = "<group>"; };
		59AE10EB271DA644006C530B /* SceneDelegate.swift */ = {isa = PBXFileReference; lastKnownFileType = sourcecode.swift; path = SceneDelegate.swift; sourceTree = "<group>"; };
		59AE10ED271DA644006C530B /* ViewController.swift */ = {isa = PBXFileReference; lastKnownFileType = sourcecode.swift; path = ViewController.swift; sourceTree = "<group>"; };
		59AE10F0271DA644006C530B /* Base */ = {isa = PBXFileReference; lastKnownFileType = file.storyboard; name = Base; path = Base.lproj/Main.storyboard; sourceTree = "<group>"; };
		59AE10F3271DA644006C530B /* MovieList.xcdatamodel */ = {isa = PBXFileReference; lastKnownFileType = wrapper.xcdatamodel; path = MovieList.xcdatamodel; sourceTree = "<group>"; };
		59AE10F5271DA648006C530B /* Assets.xcassets */ = {isa = PBXFileReference; lastKnownFileType = folder.assetcatalog; path = Assets.xcassets; sourceTree = "<group>"; };
		59AE10F8271DA648006C530B /* Base */ = {isa = PBXFileReference; lastKnownFileType = file.storyboard; name = Base; path = Base.lproj/LaunchScreen.storyboard; sourceTree = "<group>"; };
		59AE10FA271DA648006C530B /* Info.plist */ = {isa = PBXFileReference; lastKnownFileType = text.plist.xml; path = Info.plist; sourceTree = "<group>"; };
		59AE10FF271DA649006C530B /* MovieListTests.xctest */ = {isa = PBXFileReference; explicitFileType = wrapper.cfbundle; includeInIndex = 0; path = MovieListTests.xctest; sourceTree = BUILT_PRODUCTS_DIR; };
		59AE1103271DA649006C530B /* MovieListTests.swift */ = {isa = PBXFileReference; lastKnownFileType = sourcecode.swift; path = MovieListTests.swift; sourceTree = "<group>"; };
		59AE1109271DA649006C530B /* MovieListUITests.xctest */ = {isa = PBXFileReference; explicitFileType = wrapper.cfbundle; includeInIndex = 0; path = MovieListUITests.xctest; sourceTree = BUILT_PRODUCTS_DIR; };
		59AE110D271DA649006C530B /* MovieListUITests.swift */ = {isa = PBXFileReference; lastKnownFileType = sourcecode.swift; path = MovieListUITests.swift; sourceTree = "<group>"; };
		59AE110F271DA649006C530B /* MovieListUITestsLaunchTests.swift */ = {isa = PBXFileReference; lastKnownFileType = sourcecode.swift; path = MovieListUITestsLaunchTests.swift; sourceTree = "<group>"; };
		59AE111C271DAFB9006C530B /* InfoController.swift */ = {isa = PBXFileReference; lastKnownFileType = sourcecode.swift; path = InfoController.swift; sourceTree = "<group>"; };
		59AE111E271DB0EF006C530B /* InfoClass.swift */ = {isa = PBXFileReference; lastKnownFileType = sourcecode.swift; path = InfoClass.swift; sourceTree = "<group>"; };
/* End PBXFileReference section */

/* Begin PBXFrameworksBuildPhase section */
		59AE10E3271DA644006C530B /* Frameworks */ = {
			isa = PBXFrameworksBuildPhase;
			buildActionMask = 2147483647;
			files = (
			);
			runOnlyForDeploymentPostprocessing = 0;
		};
		59AE10FC271DA649006C530B /* Frameworks */ = {
			isa = PBXFrameworksBuildPhase;
			buildActionMask = 2147483647;
			files = (
			);
			runOnlyForDeploymentPostprocessing = 0;
		};
		59AE1106271DA649006C530B /* Frameworks */ = {
			isa = PBXFrameworksBuildPhase;
			buildActionMask = 2147483647;
			files = (
			);
			runOnlyForDeploymentPostprocessing = 0;
		};
/* End PBXFrameworksBuildPhase section */

/* Begin PBXGroup section */
		59AE10DD271DA644006C530B = {
			isa = PBXGroup;
			children = (
				59AE10E8271DA644006C530B /* MovieList */,
				59AE1102271DA649006C530B /* MovieListTests */,
				59AE110C271DA649006C530B /* MovieListUITests */,
				59AE10E7271DA644006C530B /* Products */,
			);
			sourceTree = "<group>";
		};
		59AE10E7271DA644006C530B /* Products */ = {
			isa = PBXGroup;
			children = (
				59AE10E6271DA644006C530B /* MovieList.app */,
				59AE10FF271DA649006C530B /* MovieListTests.xctest */,
				59AE1109271DA649006C530B /* MovieListUITests.xctest */,
			);
			name = Products;
			sourceTree = "<group>";
		};
		59AE10E8271DA644006C530B /* MovieList */ = {
			isa = PBXGroup;
			children = (
				59AE10E9271DA644006C530B /* AppDelegate.swift */,
				59AE10EB271DA644006C530B /* SceneDelegate.swift */,
				59AE10ED271DA644006C530B /* ViewController.swift */,
				59AE10EF271DA644006C530B /* Main.storyboard */,
				5945F480272041B800625EC2 /* CoolCell.swift */,
				59AE111E271DB0EF006C530B /* InfoClass.swift */,
				59AE111C271DAFB9006C530B /* InfoController.swift */,
				59AE10F5271DA648006C530B /* Assets.xcassets */,
				59AE10F7271DA648006C530B /* LaunchScreen.storyboard */,
				59AE10FA271DA648006C530B /* Info.plist */,
				59AE10F2271DA644006C530B /* MovieList.xcdatamodeld */,
			);
			path = MovieList;
			sourceTree = "<group>";
		};
		59AE1102271DA649006C530B /* MovieListTests */ = {
			isa = PBXGroup;
			children = (
				59AE1103271DA649006C530B /* MovieListTests.swift */,
			);
			path = MovieListTests;
			sourceTree = "<group>";
		};
		59AE110C271DA649006C530B /* MovieListUITests */ = {
			isa = PBXGroup;
			children = (
				59AE110D271DA649006C530B /* MovieListUITests.swift */,
				59AE110F271DA649006C530B /* MovieListUITestsLaunchTests.swift */,
			);
			path = MovieListUITests;
			sourceTree = "<group>";
		};
/* End PBXGroup section */

/* Begin PBXNativeTarget section */
		59AE10E5271DA644006C530B /* MovieList */ = {
			isa = PBXNativeTarget;
			buildConfigurationList = 59AE1113271DA649006C530B /* Build configuration list for PBXNativeTarget "MovieList" */;
			buildPhases = (
				59AE10E2271DA644006C530B /* Sources */,
				59AE10E3271DA644006C530B /* Frameworks */,
				59AE10E4271DA644006C530B /* Resources */,
			);
			buildRules = (
			);
			dependencies = (
			);
			name = MovieList;
			productName = MovieList;
			productReference = 59AE10E6271DA644006C530B /* MovieList.app */;
			productType = "com.apple.product-type.application";
		};
		59AE10FE271DA649006C530B /* MovieListTests */ = {
			isa = PBXNativeTarget;
			buildConfigurationList = 59AE1116271DA649006C530B /* Build configuration list for PBXNativeTarget "MovieListTests" */;
			buildPhases = (
				59AE10FB271DA649006C530B /* Sources */,
				59AE10FC271DA649006C530B /* Frameworks */,
				59AE10FD271DA649006C530B /* Resources */,
			);
			buildRules = (
			);
			dependencies = (
				59AE1101271DA649006C530B /* PBXTargetDependency */,
			);
			name = MovieListTests;
			productName = MovieListTests;
			productReference = 59AE10FF271DA649006C530B /* MovieListTests.xctest */;
			productType = "com.apple.product-type.bundle.unit-test";
		};
		59AE1108271DA649006C530B /* MovieListUITests */ = {
			isa = PBXNativeTarget;
			buildConfigurationList = 59AE1119271DA649006C530B /* Build configuration list for PBXNativeTarget "MovieListUITests" */;
			buildPhases = (
				59AE1105271DA649006C530B /* Sources */,
				59AE1106271DA649006C530B /* Frameworks */,
				59AE1107271DA649006C530B /* Resources */,
			);
			buildRules = (
			);
			dependencies = (
				59AE110B271DA649006C530B /* PBXTargetDependency */,
			);
			name = MovieListUITests;
			productName = MovieListUITests;
			productReference = 59AE1109271DA649006C530B /* MovieListUITests.xctest */;
			productType = "com.apple.product-type.bundle.ui-testing";
		};
/* End PBXNativeTarget section */

/* Begin PBXProject section */
		59AE10DE271DA644006C530B /* Project object */ = {
			isa = PBXProject;
			attributes = {
				BuildIndependentTargetsInParallel = 1;
				LastSwiftUpdateCheck = 1300;
				LastUpgradeCheck = 1300;
				TargetAttributes = {
					59AE10E5271DA644006C530B = {
						CreatedOnToolsVersion = 13.0;
					};
					59AE10FE271DA649006C530B = {
						CreatedOnToolsVersion = 13.0;
						TestTargetID = 59AE10E5271DA644006C530B;
					};
					59AE1108271DA649006C530B = {
						CreatedOnToolsVersion = 13.0;
						TestTargetID = 59AE10E5271DA644006C530B;
					};
				};
			};
			buildConfigurationList = 59AE10E1271DA644006C530B /* Build configuration list for PBXProject "MovieList" */;
			compatibilityVersion = "Xcode 13.0";
			developmentRegion = en;
			hasScannedForEncodings = 0;
			knownRegions = (
				en,
				Base,
			);
			mainGroup = 59AE10DD271DA644006C530B;
			productRefGroup = 59AE10E7271DA644006C530B /* Products */;
			projectDirPath = "";
			projectRoot = "";
			targets = (
				59AE10E5271DA644006C530B /* MovieList */,
				59AE10FE271DA649006C530B /* MovieListTests */,
				59AE1108271DA649006C530B /* MovieListUITests */,
			);
		};
/* End PBXProject section */

/* Begin PBXResourcesBuildPhase section */
		59AE10E4271DA644006C530B /* Resources */ = {
			isa = PBXResourcesBuildPhase;
			buildActionMask = 2147483647;
			files = (
				59AE10F9271DA648006C530B /* LaunchScreen.storyboard in Resources */,
				59AE10F6271DA648006C530B /* Assets.xcassets in Resources */,
				59AE10F1271DA644006C530B /* Main.storyboard in Resources */,
			);
			runOnlyForDeploymentPostprocessing = 0;
		};
		59AE10FD271DA649006C530B /* Resources */ = {
			isa = PBXResourcesBuildPhase;
			buildActionMask = 2147483647;
			files = (
			);
			runOnlyForDeploymentPostprocessing = 0;
		};
		59AE1107271DA649006C530B /* Resources */ = {
			isa = PBXResourcesBuildPhase;
			buildActionMask = 2147483647;
			files = (
			);
			runOnlyForDeploymentPostprocessing = 0;
		};
/* End PBXResourcesBuildPhase section */

/* Begin PBXSourcesBuildPhase section */
		59AE10E2271DA644006C530B /* Sources */ = {
			isa = PBXSourcesBuildPhase;
			buildActionMask = 2147483647;
			files = (
				59AE111F271DB0EF006C530B /* InfoClass.swift in Sources */,
				59AE10EE271DA644006C530B /* ViewController.swift in Sources */,
				5945F481272041B800625EC2 /* CoolCell.swift in Sources */,
				59AE10EA271DA644006C530B /* AppDelegate.swift in Sources */,
				59AE10F4271DA644006C530B /* MovieList.xcdatamodeld in Sources */,
				59AE10EC271DA644006C530B /* SceneDelegate.swift in Sources */,
				59AE111D271DAFB9006C530B /* InfoController.swift in Sources */,
			);
			runOnlyForDeploymentPostprocessing = 0;
		};
		59AE10FB271DA649006C530B /* Sources */ = {
			isa = PBXSourcesBuildPhase;
			buildActionMask = 2147483647;
			files = (
				59AE1104271DA649006C530B /* MovieListTests.swift in Sources */,
			);
			runOnlyForDeploymentPostprocessing = 0;
		};
		59AE1105271DA649006C530B /* Sources */ = {
			isa = PBXSourcesBuildPhase;
			buildActionMask = 2147483647;
			files = (
				59AE110E271DA649006C530B /* MovieListUITests.swift in Sources */,
				59AE1110271DA649006C530B /* MovieListUITestsLaunchTests.swift in Sources */,
			);
			runOnlyForDeploymentPostprocessing = 0;
		};
/* End PBXSourcesBuildPhase section */

/* Begin PBXTargetDependency section */
		59AE1101271DA649006C530B /* PBXTargetDependency */ = {
			isa = PBXTargetDependency;
			target = 59AE10E5271DA644006C530B /* MovieList */;
			targetProxy = 59AE1100271DA649006C530B /* PBXContainerItemProxy */;
		};
		59AE110B271DA649006C530B /* PBXTargetDependency */ = {
			isa = PBXTargetDependency;
			target = 59AE10E5271DA644006C530B /* MovieList */;
			targetProxy = 59AE110A271DA649006C530B /* PBXContainerItemProxy */;
		};
/* End PBXTargetDependency section */

/* Begin PBXVariantGroup section */
		59AE10EF271DA644006C530B /* Main.storyboard */ = {
			isa = PBXVariantGroup;
			children = (
				59AE10F0271DA644006C530B /* Base */,
			);
			name = Main.storyboard;
			sourceTree = "<group>";
		};
		59AE10F7271DA648006C530B /* LaunchScreen.storyboard */ = {
			isa = PBXVariantGroup;
			children = (
				59AE10F8271DA648006C530B /* Base */,
			);
			name = LaunchScreen.storyboard;
			sourceTree = "<group>";
		};
/* End PBXVariantGroup section */

/* Begin XCBuildConfiguration section */
		59AE1111271DA649006C530B /* Debug */ = {
			isa = XCBuildConfiguration;
			buildSettings = {
				ALWAYS_SEARCH_USER_PATHS = NO;
				CLANG_ANALYZER_NONNULL = YES;
				CLANG_ANALYZER_NUMBER_OBJECT_CONVERSION = YES_AGGRESSIVE;
				CLANG_CXX_LANGUAGE_STANDARD = "gnu++17";
				CLANG_CXX_LIBRARY = "libc++";
				CLANG_ENABLE_MODULES = YES;
				CLANG_ENABLE_OBJC_ARC = YES;
				CLANG_ENABLE_OBJC_WEAK = YES;
				CLANG_WARN_BLOCK_CAPTURE_AUTORELEASING = YES;
				CLANG_WARN_BOOL_CONVERSION = YES;
				CLANG_WARN_COMMA = YES;
				CLANG_WARN_CONSTANT_CONVERSION = YES;
				CLANG_WARN_DEPRECATED_OBJC_IMPLEMENTATIONS = YES;
				CLANG_WARN_DIRECT_OBJC_ISA_USAGE = YES_ERROR;
				CLANG_WARN_DOCUMENTATION_COMMENTS = YES;
				CLANG_WARN_EMPTY_BODY = YES;
				CLANG_WARN_ENUM_CONVERSION = YES;
				CLANG_WARN_INFINITE_RECURSION = YES;
				CLANG_WARN_INT_CONVERSION = YES;
				CLANG_WARN_NON_LITERAL_NULL_CONVERSION = YES;
				CLANG_WARN_OBJC_IMPLICIT_RETAIN_SELF = YES;
				CLANG_WARN_OBJC_LITERAL_CONVERSION = YES;
				CLANG_WARN_OBJC_ROOT_CLASS = YES_ERROR;
				CLANG_WARN_QUOTED_INCLUDE_IN_FRAMEWORK_HEADER = YES;
				CLANG_WARN_RANGE_LOOP_ANALYSIS = YES;
				CLANG_WARN_STRICT_PROTOTYPES = YES;
				CLANG_WARN_SUSPICIOUS_MOVE = YES;
				CLANG_WARN_UNGUARDED_AVAILABILITY = YES_AGGRESSIVE;
				CLANG_WARN_UNREACHABLE_CODE = YES;
				CLANG_WARN__DUPLICATE_METHOD_MATCH = YES;
				COPY_PHASE_STRIP = NO;
				DEBUG_INFORMATION_FORMAT = dwarf;
				ENABLE_STRICT_OBJC_MSGSEND = YES;
				ENABLE_TESTABILITY = YES;
				GCC_C_LANGUAGE_STANDARD = gnu11;
				GCC_DYNAMIC_NO_PIC = NO;
				GCC_NO_COMMON_BLOCKS = YES;
				GCC_OPTIMIZATION_LEVEL = 0;
				GCC_PREPROCESSOR_DEFINITIONS = (
					"DEBUG=1",
					"$(inherited)",
				);
				GCC_WARN_64_TO_32_BIT_CONVERSION = YES;
				GCC_WARN_ABOUT_RETURN_TYPE = YES_ERROR;
				GCC_WARN_UNDECLARED_SELECTOR = YES;
				GCC_WARN_UNINITIALIZED_AUTOS = YES_AGGRESSIVE;
				GCC_WARN_UNUSED_FUNCTION = YES;
				GCC_WARN_UNUSED_VARIABLE = YES;
				IPHONEOS_DEPLOYMENT_TARGET = 15.0;
				MTL_ENABLE_DEBUG_INFO = INCLUDE_SOURCE;
				MTL_FAST_MATH = YES;
				ONLY_ACTIVE_ARCH = YES;
				SDKROOT = iphoneos;
				SWIFT_ACTIVE_COMPILATION_CONDITIONS = DEBUG;
				SWIFT_OPTIMIZATION_LEVEL = "-Onone";
			};
			name = Debug;
		};
		59AE1112271DA649006C530B /* Release */ = {
			isa = XCBuildConfiguration;
			buildSettings = {
				ALWAYS_SEARCH_USER_PATHS = NO;
				CLANG_ANALYZER_NONNULL = YES;
				CLANG_ANALYZER_NUMBER_OBJECT_CONVERSION = YES_AGGRESSIVE;
				CLANG_CXX_LANGUAGE_STANDARD = "gnu++17";
				CLANG_CXX_LIBRARY = "libc++";
				CLANG_ENABLE_MODULES = YES;
				CLANG_ENABLE_OBJC_ARC = YES;
				CLANG_ENABLE_OBJC_WEAK = YES;
				CLANG_WARN_BLOCK_CAPTURE_AUTORELEASING = YES;
				CLANG_WARN_BOOL_CONVERSION = YES;
				CLANG_WARN_COMMA = YES;
				CLANG_WARN_CONSTANT_CONVERSION = YES;
				CLANG_WARN_DEPRECATED_OBJC_IMPLEMENTATIONS = YES;
				CLANG_WARN_DIRECT_OBJC_ISA_USAGE = YES_ERROR;
				CLANG_WARN_DOCUMENTATION_COMMENTS = YES;
				CLANG_WARN_EMPTY_BODY = YES;
				CLANG_WARN_ENUM_CONVERSION = YES;
				CLANG_WARN_INFINITE_RECURSION = YES;
				CLANG_WARN_INT_CONVERSION = YES;
				CLANG_WARN_NON_LITERAL_NULL_CONVERSION = YES;
				CLANG_WARN_OBJC_IMPLICIT_RETAIN_SELF = YES;
				CLANG_WARN_OBJC_LITERAL_CONVERSION = YES;
				CLANG_WARN_OBJC_ROOT_CLASS = YES_ERROR;
				CLANG_WARN_QUOTED_INCLUDE_IN_FRAMEWORK_HEADER = YES;
				CLANG_WARN_RANGE_LOOP_ANALYSIS = YES;
				CLANG_WARN_STRICT_PROTOTYPES = YES;
				CLANG_WARN_SUSPICIOUS_MOVE = YES;
				CLANG_WARN_UNGUARDED_AVAILABILITY = YES_AGGRESSIVE;
				CLANG_WARN_UNREACHABLE_CODE = YES;
				CLANG_WARN__DUPLICATE_METHOD_MATCH = YES;
				COPY_PHASE_STRIP = NO;
				DEBUG_INFORMATION_FORMAT = "dwarf-with-dsym";
				ENABLE_NS_ASSERTIONS = NO;
				ENABLE_STRICT_OBJC_MSGSEND = YES;
				GCC_C_LANGUAGE_STANDARD = gnu11;
				GCC_NO_COMMON_BLOCKS = YES;
				GCC_WARN_64_TO_32_BIT_CONVERSION = YES;
				GCC_WARN_ABOUT_RETURN_TYPE = YES_ERROR;
				GCC_WARN_UNDECLARED_SELECTOR = YES;
				GCC_WARN_UNINITIALIZED_AUTOS = YES_AGGRESSIVE;
				GCC_WARN_UNUSED_FUNCTION = YES;
				GCC_WARN_UNUSED_VARIABLE = YES;
				IPHONEOS_DEPLOYMENT_TARGET = 15.0;
				MTL_ENABLE_DEBUG_INFO = NO;
				MTL_FAST_MATH = YES;
				SDKROOT = iphoneos;
				SWIFT_COMPILATION_MODE = wholemodule;
				SWIFT_OPTIMIZATION_LEVEL = "-O";
				VALIDATE_PRODUCT = YES;
			};
			name = Release;
		};
		59AE1114271DA649006C530B /* Debug */ = {
			isa = XCBuildConfiguration;
			buildSettings = {
				ASSETCATALOG_COMPILER_APPICON_NAME = AppIcon;
				ASSETCATALOG_COMPILER_GLOBAL_ACCENT_COLOR_NAME = AccentColor;
				CODE_SIGN_STYLE = Automatic;
				CURRENT_PROJECT_VERSION = 1;
				DEVELOPMENT_TEAM = P2ZA67AVPM;
				GENERATE_INFOPLIST_FILE = YES;
				INFOPLIST_FILE = MovieList/Info.plist;
				INFOPLIST_KEY_UIApplicationSupportsIndirectInputEvents = YES;
				INFOPLIST_KEY_UILaunchStoryboardName = LaunchScreen;
				INFOPLIST_KEY_UIMainStoryboardFile = Main;
				INFOPLIST_KEY_UISupportedInterfaceOrientations_iPad = "UIInterfaceOrientationPortrait UIInterfaceOrientationPortraitUpsideDown UIInterfaceOrientationLandscapeLeft UIInterfaceOrientationLandscapeRight";
				INFOPLIST_KEY_UISupportedInterfaceOrientations_iPhone = "UIInterfaceOrientationPortrait UIInterfaceOrientationLandscapeLeft UIInterfaceOrientationLandscapeRight";
				LD_RUNPATH_SEARCH_PATHS = (
					"$(inherited)",
					"@executable_path/Frameworks",
				);
				MARKETING_VERSION = 1.0;
				PRODUCT_BUNDLE_IDENTIFIER = CLC.MovieList;
				PRODUCT_NAME = "$(TARGET_NAME)";
				SWIFT_EMIT_LOC_STRINGS = YES;
				SWIFT_VERSION = 5.0;
				TARGETED_DEVICE_FAMILY = "1,2";
			};
			name = Debug;
		};
		59AE1115271DA649006C530B /* Release */ = {
			isa = XCBuildConfiguration;
			buildSettings = {
				ASSETCATALOG_COMPILER_APPICON_NAME = AppIcon;
				ASSETCATALOG_COMPILER_GLOBAL_ACCENT_COLOR_NAME = AccentColor;
				CODE_SIGN_STYLE = Automatic;
				CURRENT_PROJECT_VERSION = 1;
				DEVELOPMENT_TEAM = P2ZA67AVPM;
				GENERATE_INFOPLIST_FILE = YES;
				INFOPLIST_FILE = MovieList/Info.plist;
				INFOPLIST_KEY_UIApplicationSupportsIndirectInputEvents = YES;
				INFOPLIST_KEY_UILaunchStoryboardName = LaunchScreen;
				INFOPLIST_KEY_UIMainStoryboardFile = Main;
				INFOPLIST_KEY_UISupportedInterfaceOrientations_iPad = "UIInterfaceOrientationPortrait UIInterfaceOrientationPortraitUpsideDown UIInterfaceOrientationLandscapeLeft UIInterfaceOrientationLandscapeRight";
				INFOPLIST_KEY_UISupportedInterfaceOrientations_iPhone = "UIInterfaceOrientationPortrait UIInterfaceOrientationLandscapeLeft UIInterfaceOrientationLandscapeRight";
				LD_RUNPATH_SEARCH_PATHS = (
					"$(inherited)",
					"@executable_path/Frameworks",
				);
				MARKETING_VERSION = 1.0;
				PRODUCT_BUNDLE_IDENTIFIER = CLC.MovieList;
				PRODUCT_NAME = "$(TARGET_NAME)";
				SWIFT_EMIT_LOC_STRINGS = YES;
				SWIFT_VERSION = 5.0;
				TARGETED_DEVICE_FAMILY = "1,2";
			};
			name = Release;
		};
		59AE1117271DA649006C530B /* Debug */ = {
			isa = XCBuildConfiguration;
			buildSettings = {
				ALWAYS_EMBED_SWIFT_STANDARD_LIBRARIES = YES;
				BUNDLE_LOADER = "$(TEST_HOST)";
				CODE_SIGN_STYLE = Automatic;
				CURRENT_PROJECT_VERSION = 1;
				DEVELOPMENT_TEAM = P2ZA67AVPM;
				GENERATE_INFOPLIST_FILE = YES;
				IPHONEOS_DEPLOYMENT_TARGET = 15.0;
				LD_RUNPATH_SEARCH_PATHS = (
					"$(inherited)",
					"@executable_path/Frameworks",
					"@loader_path/Frameworks",
				);
				MARKETING_VERSION = 1.0;
				PRODUCT_BUNDLE_IDENTIFIER = CLC.MovieListTests;
				PRODUCT_NAME = "$(TARGET_NAME)";
				SWIFT_EMIT_LOC_STRINGS = NO;
				SWIFT_VERSION = 5.0;
				TARGETED_DEVICE_FAMILY = "1,2";
				TEST_HOST = "$(BUILT_PRODUCTS_DIR)/MovieList.app/MovieList";
			};
			name = Debug;
		};
		59AE1118271DA649006C530B /* Release */ = {
			isa = XCBuildConfiguration;
			buildSettings = {
				ALWAYS_EMBED_SWIFT_STANDARD_LIBRARIES = YES;
				BUNDLE_LOADER = "$(TEST_HOST)";
				CODE_SIGN_STYLE = Automatic;
				CURRENT_PROJECT_VERSION = 1;
				DEVELOPMENT_TEAM = P2ZA67AVPM;
				GENERATE_INFOPLIST_FILE = YES;
				IPHONEOS_DEPLOYMENT_TARGET = 15.0;
				LD_RUNPATH_SEARCH_PATHS = (
					"$(inherited)",
					"@executable_path/Frameworks",
					"@loader_path/Frameworks",
				);
				MARKETING_VERSION = 1.0;
				PRODUCT_BUNDLE_IDENTIFIER = CLC.MovieListTests;
				PRODUCT_NAME = "$(TARGET_NAME)";
				SWIFT_EMIT_LOC_STRINGS = NO;
				SWIFT_VERSION = 5.0;
				TARGETED_DEVICE_FAMILY = "1,2";
				TEST_HOST = "$(BUILT_PRODUCTS_DIR)/MovieList.app/MovieList";
			};
			name = Release;
		};
		59AE111A271DA649006C530B /* Debug */ = {
			isa = XCBuildConfiguration;
			buildSettings = {
				ALWAYS_EMBED_SWIFT_STANDARD_LIBRARIES = YES;
				CODE_SIGN_STYLE = Automatic;
				CURRENT_PROJECT_VERSION = 1;
				DEVELOPMENT_TEAM = P2ZA67AVPM;
				GENERATE_INFOPLIST_FILE = YES;
				LD_RUNPATH_SEARCH_PATHS = (
					"$(inherited)",
					"@executable_path/Frameworks",
					"@loader_path/Frameworks",
				);
				MARKETING_VERSION = 1.0;
				PRODUCT_BUNDLE_IDENTIFIER = CLC.MovieListUITests;
				PRODUCT_NAME = "$(TARGET_NAME)";
				SWIFT_EMIT_LOC_STRINGS = NO;
				SWIFT_VERSION = 5.0;
				TARGETED_DEVICE_FAMILY = "1,2";
				TEST_TARGET_NAME = MovieList;
			};
			name = Debug;
		};
		59AE111B271DA649006C530B /* Release */ = {
			isa = XCBuildConfiguration;
			buildSettings = {
				ALWAYS_EMBED_SWIFT_STANDARD_LIBRARIES = YES;
				CODE_SIGN_STYLE = Automatic;
				CURRENT_PROJECT_VERSION = 1;
				DEVELOPMENT_TEAM = P2ZA67AVPM;
				GENERATE_INFOPLIST_FILE = YES;
				LD_RUNPATH_SEARCH_PATHS = (
					"$(inherited)",
					"@executable_path/Frameworks",
					"@loader_path/Frameworks",
				);
				MARKETING_VERSION = 1.0;
				PRODUCT_BUNDLE_IDENTIFIER = CLC.MovieListUITests;
				PRODUCT_NAME = "$(TARGET_NAME)";
				SWIFT_EMIT_LOC_STRINGS = NO;
				SWIFT_VERSION = 5.0;
				TARGETED_DEVICE_FAMILY = "1,2";
				TEST_TARGET_NAME = MovieList;
			};
			name = Release;
		};
/* End XCBuildConfiguration section */

/* Begin XCConfigurationList section */
		59AE10E1271DA644006C530B /* Build configuration list for PBXProject "MovieList" */ = {
			isa = XCConfigurationList;
			buildConfigurations = (
				59AE1111271DA649006C530B /* Debug */,
				59AE1112271DA649006C530B /* Release */,
			);
			defaultConfigurationIsVisible = 0;
			defaultConfigurationName = Release;
		};
		59AE1113271DA649006C530B /* Build configuration list for PBXNativeTarget "MovieList" */ = {
			isa = XCConfigurationList;
			buildConfigurations = (
				59AE1114271DA649006C530B /* Debug */,
				59AE1115271DA649006C530B /* Release */,
			);
			defaultConfigurationIsVisible = 0;
			defaultConfigurationName = Release;
		};
		59AE1116271DA649006C530B /* Build configuration list for PBXNativeTarget "MovieListTests" */ = {
			isa = XCConfigurationList;
			buildConfigurations = (
				59AE1117271DA649006C530B /* Debug */,
				59AE1118271DA649006C530B /* Release */,
			);
			defaultConfigurationIsVisible = 0;
			defaultConfigurationName = Release;
		};
		59AE1119271DA649006C530B /* Build configuration list for PBXNativeTarget "MovieListUITests" */ = {
			isa = XCConfigurationList;
			buildConfigurations = (
				59AE111A271DA649006C530B /* Debug */,
				59AE111B271DA649006C530B /* Release */,
			);
			defaultConfigurationIsVisible = 0;
			defaultConfigurationName = Release;
		};
/* End XCConfigurationList section */

/* Begin XCVersionGroup section */
		59AE10F2271DA644006C530B /* MovieList.xcdatamodeld */ = {
			isa = XCVersionGroup;
			children = (
				59AE10F3271DA644006C530B /* MovieList.xcdatamodel */,
			);
			currentVersion = 59AE10F3271DA644006C530B /* MovieList.xcdatamodel */;
			path = MovieList.xcdatamodeld;
			sourceTree = "<group>";
			versionGroupType = wrapper.xcdatamodel;
		};
/* End XCVersionGroup section */
	};
	rootObject = 59AE10DE271DA644006C530B /* Project object */;
}
